
Microsoft Visual Studio Solution File, Format Version 11.00
# Visual Studio 2010
Project("{FAE04EC0-301F-11D3-BF4B-00C04F79EFBC}") = "RythemGame", "Assembly-CSharp.csproj", "{7C28AB03-9B56-1B02-1845-8F1E10D772CE}"
EndProject
Project("{FAE04EC0-301F-11D3-BF4B-00C04F79EFBC}") = "RythemGame", "Assembly-CSharp-Editor.csproj", "{8F4293A7-EDF2-CC29-E6EA-25EB27F41851}"
EndProject
Global
	GlobalSection(SolutionConfigurationPlatforms) = preSolution
		Debug|Any CPU = Debug|Any CPU
		Release|Any CPU = Release|Any CPU
	EndGlobalSection
	GlobalSection(ProjectConfigurationPlatforms) = postSolution
		{7C28AB03-9B56-1B02-1845-8F1E10D772CE}.Debug|Any CPU.ActiveCfg = Debug|Any CPU
		{7C28AB03-9B56-1B02-1845-8F1E10D772CE}.Debug|Any CPU.Build.0 = Debug|Any CPU
		{7C28AB03-9B56-1B02-1845-8F1E10D772CE}.Release|Any CPU.ActiveCfg = Release|Any CPU
		{7C28AB03-9B56-1B02-1845-8F1E10D772CE}.Release|Any CPU.Build.0 = Release|Any CPU
		{8F4293A7-EDF2-CC29-E6EA-25EB27F41851}.Debug|Any CPU.ActiveCfg = Debug|Any CPU
		{8F4293A7-EDF2-CC29-E6EA-25EB27F41851}.Debug|Any CPU.Build.0 = Debug|Any CPU
		{8F4293A7-EDF2-CC29-E6EA-25EB27F41851}.Release|Any CPU.ActiveCfg = Release|Any CPU
		{8F4293A7-EDF2-CC29-E6EA-25EB27F41851}.Release|Any CPU.Build.0 = Release|Any CPU
	EndGlobalSection
	GlobalSection(SolutionProperties) = preSolution
		HideSolutionNode = FALSE
	EndGlobalSection
	GlobalSection(MonoDevelopProperties) = preSolution
		StartupItem = Assembly-CSharp.csproj
	EndGlobalSection
EndGlobal
